
Microsoft Visual Studio Solution File, Format Version 12.00
# Visual Studio Version 17
VisualStudioVersion = 17.12.35527.113
MinimumVisualStudioVersion = 10.0.40219.1
Project("{FAE04EC0-301F-11D3-BF4B-00C04F79EFBC}") = "NotificationApp", "NotificationApp\NotificationApp.csproj", "{BAB36730-4B52-428D-97D3-E098C3048F5D}"
EndProject
Project("{FAE04EC0-301F-11D3-BF4B-00C04F79EFBC}") = "NotificationAppTests", "NotificationAppTests\NotificationAppTests.csproj", "{714560FB-FAAB-4B71-B932-086B51A00519}"
EndProject
Global
	GlobalSection(SolutionConfigurationPlatforms) = preSolution
		Debug|Any CPU = Debug|Any CPU
		Release|Any CPU = Release|Any CPU
	EndGlobalSection
	GlobalSection(ProjectConfigurationPlatforms) = postSolution
		{BAB36730-4B52-428D-97D3-E098C3048F5D}.Debug|Any CPU.ActiveCfg = Debug|Any CPU
		{BAB36730-4B52-428D-97D3-E098C3048F5D}.Debug|Any CPU.Build.0 = Debug|Any CPU
		{BAB36730-4B52-428D-97D3-E098C3048F5D}.Release|Any CPU.ActiveCfg = Release|Any CPU
		{BAB36730-4B52-428D-97D3-E098C3048F5D}.Release|Any CPU.Build.0 = Release|Any CPU
		{714560FB-FAAB-4B71-B932-086B51A00519}.Debug|Any CPU.ActiveCfg = Debug|Any CPU
		{714560FB-FAAB-4B71-B932-086B51A00519}.Debug|Any CPU.Build.0 = Debug|Any CPU
		{714560FB-FAAB-4B71-B932-086B51A00519}.Release|Any CPU.ActiveCfg = Release|Any CPU
		{714560FB-FAAB-4B71-B932-086B51A00519}.Release|Any CPU.Build.0 = Release|Any CPU
	EndGlobalSection
	GlobalSection(SolutionProperties) = preSolution
		HideSolutionNode = FALSE
	EndGlobalSection
EndGlobal
