
Microsoft Visual Studio Solution File, Format Version 12.00
# Visual Studio Version 17
VisualStudioVersion = 17.14.36705.20 d17.14
MinimumVisualStudioVersion = 10.0.40219.1
Project("{FAE04EC0-301F-11D3-BF4B-00C04F79EFBC}") = "AppiumSumatorAppPOM", "AppiumSumatorAppPOM\AppiumSumatorAppPOM.csproj", "{D02859AE-D90C-4FA2-AFFA-E333BAB6B6BC}"
EndProject
Global
	GlobalSection(SolutionConfigurationPlatforms) = preSolution
		Debug|Any CPU = Debug|Any CPU
		Release|Any CPU = Release|Any CPU
	EndGlobalSection
	GlobalSection(ProjectConfigurationPlatforms) = postSolution
		{D02859AE-D90C-4FA2-AFFA-E333BAB6B6BC}.Debug|Any CPU.ActiveCfg = Debug|Any CPU
		{D02859AE-D90C-4FA2-AFFA-E333BAB6B6BC}.Debug|Any CPU.Build.0 = Debug|Any CPU
		{D02859AE-D90C-4FA2-AFFA-E333BAB6B6BC}.Release|Any CPU.ActiveCfg = Release|Any CPU
		{D02859AE-D90C-4FA2-AFFA-E333BAB6B6BC}.Release|Any CPU.Build.0 = Release|Any CPU
	EndGlobalSection
	GlobalSection(SolutionProperties) = preSolution
		HideSolutionNode = FALSE
	EndGlobalSection
	GlobalSection(ExtensibilityGlobals) = postSolution
		SolutionGuid = {98C943EE-3D06-43D5-A171-DC99EB138921}
	EndGlobalSection
EndGlobal
